Microsoft Visual Studio Solution File, Format Version 11.00
# Visual Studio 2008

Project("{F73A66EF-D967-A552-69FA-CD000BBAE099}") = "Electric Dreams", "Assembly-CSharp-firstpass.csproj", "{35CCFD7E-DAD0-FF9C-4DC2-217EBEDA2EEE}"
EndProject
Project("{F73A66EF-D967-A552-69FA-CD000BBAE099}") = "Electric Dreams", "Assembly-CSharp.csproj", "{40D63AED-0900-83B7-DFE0-7CC8ABA93CF9}"
EndProject
Project("{F73A66EF-D967-A552-69FA-CD000BBAE099}") = "Electric Dreams", "Assembly-CSharp-Editor.csproj", "{F8C301F4-4C04-09C6-6C0D-CA41BEEE8F75}"
EndProject
Global
	GlobalSection(SolutionConfigurationPlatforms) = preSolution
		Debug|Any CPU = Debug|Any CPU
		Release|Any CPU = Release|Any CPU
	EndGlobalSection
	GlobalSection(ProjectConfigurationPlatforms) = postSolution
		{35CCFD7E-DAD0-FF9C-4DC2-217EBEDA2EEE}.Debug|Any CPU.ActiveCfg = Debug|Any CPU
		{35CCFD7E-DAD0-FF9C-4DC2-217EBEDA2EEE}.Debug|Any CPU.Build.0 = Debug|Any CPU
		{35CCFD7E-DAD0-FF9C-4DC2-217EBEDA2EEE}.Release|Any CPU.ActiveCfg = Release|Any CPU
		{35CCFD7E-DAD0-FF9C-4DC2-217EBEDA2EEE}.Release|Any CPU.Build.0 = Release|Any CPU
		{40D63AED-0900-83B7-DFE0-7CC8ABA93CF9}.Debug|Any CPU.ActiveCfg = Debug|Any CPU
		{40D63AED-0900-83B7-DFE0-7CC8ABA93CF9}.Debug|Any CPU.Build.0 = Debug|Any CPU
		{40D63AED-0900-83B7-DFE0-7CC8ABA93CF9}.Release|Any CPU.ActiveCfg = Release|Any CPU
		{40D63AED-0900-83B7-DFE0-7CC8ABA93CF9}.Release|Any CPU.Build.0 = Release|Any CPU
		{F8C301F4-4C04-09C6-6C0D-CA41BEEE8F75}.Debug|Any CPU.ActiveCfg = Debug|Any CPU
		{F8C301F4-4C04-09C6-6C0D-CA41BEEE8F75}.Debug|Any CPU.Build.0 = Debug|Any CPU
		{F8C301F4-4C04-09C6-6C0D-CA41BEEE8F75}.Release|Any CPU.ActiveCfg = Release|Any CPU
		{F8C301F4-4C04-09C6-6C0D-CA41BEEE8F75}.Release|Any CPU.Build.0 = Release|Any CPU
	EndGlobalSection
	GlobalSection(SolutionProperties) = preSolution
		HideSolutionNode = FALSE
	EndGlobalSection
																																																	GlobalSection(MonoDevelopProperties) = preSolution
		StartupItem = Assembly-CSharp.csproj
		Policies = $0
		$0.TextStylePolicy = $1
		$1.inheritsSet = null
		$1.scope = text/x-csharp
		$0.CSharpFormattingPolicy = $2
		$2.inheritsSet = Mono
		$2.inheritsScope = text/x-csharp
		$2.scope = text/x-csharp
		$0.TextStylePolicy = $3
		$3.FileWidth = 120
		$3.TabWidth = 4
		$3.IndentWidth = 4
		$3.EolMarker = Unix
		$3.inheritsSet = Mono
		$3.inheritsScope = text/plain
		$3.scope = text/plain
	EndGlobalSection

EndGlobal
